// !$*UTF8*$!
{
	archiveVersion = 1;
	classes = {
	};
	objectVersion = 46;
	objects = {

/* Begin PBXBuildFile section */
		0DA8512EBBB09A5A444D2980 /* Pods_RetroboxTests.framework in Frameworks */ = {isa = PBXBuildFile; fileRef = 4D2C1EADAE06D9C0F49A1659 /* Pods_RetroboxTests.framework */; };
		A0A0147A3AA65430258ECBEC /* Pods_RetroboxUITests.framework in Frameworks */ = {isa = PBXBuildFile; fileRef = CF7C02A32DF2986260653EDC /* Pods_RetroboxUITests.framework */; };
		AE283D4E1CB508EE0015C562 /* UIButton+IBDesignable.swift in Sources */ = {isa = PBXBuildFile; fileRef = AE283D4D1CB508EE0015C562 /* UIButton+IBDesignable.swift */; };
		AE283D501CB50E3B0015C562 /* RetroItemCellView.swift in Sources */ = {isa = PBXBuildFile; fileRef = AE283D4F1CB50E3B0015C562 /* RetroItemCellView.swift */; };
		AE283D521CB5121F0015C562 /* heart.png in Resources */ = {isa = PBXBuildFile; fileRef = AE283D511CB5121F0015C562 /* heart.png */; };
		AE283D541CB5524A0015C562 /* AddFeedbackViewController.swift in Sources */ = {isa = PBXBuildFile; fileRef = AE283D531CB5524A0015C562 /* AddFeedbackViewController.swift */; };
		AE8C0C721CB4173400FBEBF3 /* RetroItem.swift in Sources */ = {isa = PBXBuildFile; fileRef = AE8C0C711CB4173400FBEBF3 /* RetroItem.swift */; };
		AEA629751CB3B8AB00BD05A6 /* AppDelegate.swift in Sources */ = {isa = PBXBuildFile; fileRef = AEA629741CB3B8AB00BD05A6 /* AppDelegate.swift */; };
		AEA629771CB3B8AB00BD05A6 /* RetroListViewController.swift in Sources */ = {isa = PBXBuildFile; fileRef = AEA629761CB3B8AB00BD05A6 /* RetroListViewController.swift */; };
		AEA6297A1CB3B8AB00BD05A6 /* Main.storyboard in Resources */ = {isa = PBXBuildFile; fileRef = AEA629781CB3B8AB00BD05A6 /* Main.storyboard */; };
		AEA6297C1CB3B8AB00BD05A6 /* Assets.xcassets in Resources */ = {isa = PBXBuildFile; fileRef = AEA6297B1CB3B8AB00BD05A6 /* Assets.xcassets */; };
		AEA6297F1CB3B8AB00BD05A6 /* LaunchScreen.storyboard in Resources */ = {isa = PBXBuildFile; fileRef = AEA6297D1CB3B8AB00BD05A6 /* LaunchScreen.storyboard */; };
		AEA6298A1CB3B8AB00BD05A6 /* RetroboxTests.swift in Sources */ = {isa = PBXBuildFile; fileRef = AEA629891CB3B8AB00BD05A6 /* RetroboxTests.swift */; };
		AEA629951CB3B8AB00BD05A6 /* RetroboxUITests.swift in Sources */ = {isa = PBXBuildFile; fileRef = AEA629941CB3B8AB00BD05A6 /* RetroboxUITests.swift */; };
		AEA629A31CB3BBB900BD05A6 /* Podfile in Resources */ = {isa = PBXBuildFile; fileRef = AEA629A21CB3BBB900BD05A6 /* Podfile */; };
		B2367721DBAE2B5AF0A05A82 /* Pods_Retrobox.framework in Frameworks */ = {isa = PBXBuildFile; fileRef = A5727526AC54010368667E2E /* Pods_Retrobox.framework */; };
/* End PBXBuildFile section */

/* Begin PBXContainerItemProxy section */
		AEA629861CB3B8AB00BD05A6 /* PBXContainerItemProxy */ = {
			isa = PBXContainerItemProxy;
			containerPortal = AEA629691CB3B8AB00BD05A6 /* Project object */;
			proxyType = 1;
			remoteGlobalIDString = AEA629701CB3B8AB00BD05A6;
			remoteInfo = Retrobox;
		};
		AEA629911CB3B8AB00BD05A6 /* PBXContainerItemProxy */ = {
			isa = PBXContainerItemProxy;
			containerPortal = AEA629691CB3B8AB00BD05A6 /* Project object */;
			proxyType = 1;
			remoteGlobalIDString = AEA629701CB3B8AB00BD05A6;
			remoteInfo = Retrobox;
		};
/* End PBXContainerItemProxy section */

/* Begin PBXFileReference section */
		4A91C9E8BB00538411BEB0EA /* Pods-Retrobox.release.xcconfig */ = {isa = PBXFileReference; includeInIndex = 1; lastKnownFileType = text.xcconfig; name = "Pods-Retrobox.release.xcconfig"; path = "Pods/Target Support Files/Pods-Retrobox/Pods-Retrobox.release.xcconfig"; sourceTree = "<group>"; };
		4D2C1EADAE06D9C0F49A1659 /* Pods_RetroboxTests.framework */ = {isa = PBXFileReference; explicitFileType = wrapper.framework; includeInIndex = 0; path = Pods_RetroboxTests.framework; sourceTree = BUILT_PRODUCTS_DIR; };
		5713C9E9F13D52605A0C6238 /* Pods-RetroboxTests.release.xcconfig */ = {isa = PBXFileReference; includeInIndex = 1; lastKnownFileType = text.xcconfig; name = "Pods-RetroboxTests.release.xcconfig"; path = "Pods/Target Support Files/Pods-RetroboxTests/Pods-RetroboxTests.release.xcconfig"; sourceTree = "<group>"; };
		87557B31B14F6CF02B330F94 /* Pods-RetroboxUITests.debug.xcconfig */ = {isa = PBXFileReference; includeInIndex = 1; lastKnownFileType = text.xcconfig; name = "Pods-RetroboxUITests.debug.xcconfig"; path = "Pods/Target Support Files/Pods-RetroboxUITests/Pods-RetroboxUITests.debug.xcconfig"; sourceTree = "<group>"; };
		A1E7917B279A16D792633F1D /* Pods-Retrobox.debug.xcconfig */ = {isa = PBXFileReference; includeInIndex = 1; lastKnownFileType = text.xcconfig; name = "Pods-Retrobox.debug.xcconfig"; path = "Pods/Target Support Files/Pods-Retrobox/Pods-Retrobox.debug.xcconfig"; sourceTree = "<group>"; };
		A5727526AC54010368667E2E /* Pods_Retrobox.framework */ = {isa = PBXFileReference; explicitFileType = wrapper.framework; includeInIndex = 0; path = Pods_Retrobox.framework; sourceTree = BUILT_PRODUCTS_DIR; };
		AE283D4D1CB508EE0015C562 /* UIButton+IBDesignable.swift */ = {isa = PBXFileReference; fileEncoding = 4; lastKnownFileType = sourcecode.swift; path = "UIButton+IBDesignable.swift"; sourceTree = "<group>"; };
		AE283D4F1CB50E3B0015C562 /* RetroItemCellView.swift */ = {isa = PBXFileReference; fileEncoding = 4; lastKnownFileType = sourcecode.swift; path = RetroItemCellView.swift; sourceTree = "<group>"; };
		AE283D511CB5121F0015C562 /* heart.png */ = {isa = PBXFileReference; lastKnownFileType = image.png; path = heart.png; sourceTree = "<group>"; };
		AE283D531CB5524A0015C562 /* AddFeedbackViewController.swift */ = {isa = PBXFileReference; fileEncoding = 4; lastKnownFileType = sourcecode.swift; path = AddFeedbackViewController.swift; sourceTree = "<group>"; };
		AE8C0C711CB4173400FBEBF3 /* RetroItem.swift */ = {isa = PBXFileReference; fileEncoding = 4; lastKnownFileType = sourcecode.swift; name = RetroItem.swift; path = ../RetroItem.swift; sourceTree = "<group>"; };
		AEA629711CB3B8AB00BD05A6 /* Retrobox.app */ = {isa = PBXFileReference; explicitFileType = wrapper.application; includeInIndex = 0; path = Retrobox.app; sourceTree = BUILT_PRODUCTS_DIR; };
		AEA629741CB3B8AB00BD05A6 /* AppDelegate.swift */ = {isa = PBXFileReference; lastKnownFileType = sourcecode.swift; path = AppDelegate.swift; sourceTree = "<group>"; };
		AEA629761CB3B8AB00BD05A6 /* RetroListViewController.swift */ = {isa = PBXFileReference; lastKnownFileType = sourcecode.swift; path = RetroListViewController.swift; sourceTree = "<group>"; };
		AEA629791CB3B8AB00BD05A6 /* Base */ = {isa = PBXFileReference; lastKnownFileType = file.storyboard; name = Base; path = Base.lproj/Main.storyboard; sourceTree = "<group>"; };
		AEA6297B1CB3B8AB00BD05A6 /* Assets.xcassets */ = {isa = PBXFileReference; lastKnownFileType = folder.assetcatalog; path = Assets.xcassets; sourceTree = "<group>"; };
		AEA6297E1CB3B8AB00BD05A6 /* Base */ = {isa = PBXFileReference; lastKnownFileType = file.storyboard; name = Base; path = Base.lproj/LaunchScreen.storyboard; sourceTree = "<group>"; };
		AEA629801CB3B8AB00BD05A6 /* Info.plist */ = {isa = PBXFileReference; lastKnownFileType = text.plist.xml; path = Info.plist; sourceTree = "<group>"; };
		AEA629851CB3B8AB00BD05A6 /* RetroboxTests.xctest */ = {isa = PBXFileReference; explicitFileType = wrapper.cfbundle; includeInIndex = 0; path = RetroboxTests.xctest; sourceTree = BUILT_PRODUCTS_DIR; };
		AEA629891CB3B8AB00BD05A6 /* RetroboxTests.swift */ = {isa = PBXFileReference; lastKnownFileType = sourcecode.swift; path = RetroboxTests.swift; sourceTree = "<group>"; };
		AEA6298B1CB3B8AB00BD05A6 /* Info.plist */ = {isa = PBXFileReference; lastKnownFileType = text.plist.xml; path = Info.plist; sourceTree = "<group>"; };
		AEA629901CB3B8AB00BD05A6 /* RetroboxUITests.xctest */ = {isa = PBXFileReference; explicitFileType = wrapper.cfbundle; includeInIndex = 0; path = RetroboxUITests.xctest; sourceTree = BUILT_PRODUCTS_DIR; };
		AEA629941CB3B8AB00BD05A6 /* RetroboxUITests.swift */ = {isa = PBXFileReference; lastKnownFileType = sourcecode.swift; path = RetroboxUITests.swift; sourceTree = "<group>"; };
		AEA629961CB3B8AB00BD05A6 /* Info.plist */ = {isa = PBXFileReference; lastKnownFileType = text.plist.xml; path = Info.plist; sourceTree = "<group>"; };
		AEA629A21CB3BBB900BD05A6 /* Podfile */ = {isa = PBXFileReference; fileEncoding = 4; lastKnownFileType = text; path = Podfile; sourceTree = "<group>"; xcLanguageSpecificationIdentifier = xcode.lang.ruby; };
		CF7C02A32DF2986260653EDC /* Pods_RetroboxUITests.framework */ = {isa = PBXFileReference; explicitFileType = wrapper.framework; includeInIndex = 0; path = Pods_RetroboxUITests.framework; sourceTree = BUILT_PRODUCTS_DIR; };
		DF47DE5301E6470939C8D8CE /* Pods-RetroboxUITests.release.xcconfig */ = {isa = PBXFileReference; includeInIndex = 1; lastKnownFileType = text.xcconfig; name = "Pods-RetroboxUITests.release.xcconfig"; path = "Pods/Target Support Files/Pods-RetroboxUITests/Pods-RetroboxUITests.release.xcconfig"; sourceTree = "<group>"; };
		F3059347247559FEFA56D949 /* Pods-RetroboxTests.debug.xcconfig */ = {isa = PBXFileReference; includeInIndex = 1; lastKnownFileType = text.xcconfig; name = "Pods-RetroboxTests.debug.xcconfig"; path = "Pods/Target Support Files/Pods-RetroboxTests/Pods-RetroboxTests.debug.xcconfig"; sourceTree = "<group>"; };
/* End PBXFileReference section */

/* Begin PBXFrameworksBuildPhase section */
		AEA6296E1CB3B8AB00BD05A6 /* Frameworks */ = {
			isa = PBXFrameworksBuildPhase;
			buildActionMask = 2147483647;
			files = (
				B2367721DBAE2B5AF0A05A82 /* Pods_Retrobox.framework in Frameworks */,
			);
			runOnlyForDeploymentPostprocessing = 0;
		};
		AEA629821CB3B8AB00BD05A6 /* Frameworks */ = {
			isa = PBXFrameworksBuildPhase;
			buildActionMask = 2147483647;
			files = (
				0DA8512EBBB09A5A444D2980 /* Pods_RetroboxTests.framework in Frameworks */,
			);
			runOnlyForDeploymentPostprocessing = 0;
		};
		AEA6298D1CB3B8AB00BD05A6 /* Frameworks */ = {
			isa = PBXFrameworksBuildPhase;
			buildActionMask = 2147483647;
			files = (
				A0A0147A3AA65430258ECBEC /* Pods_RetroboxUITests.framework in Frameworks */,
			);
			runOnlyForDeploymentPostprocessing = 0;
		};
/* End PBXFrameworksBuildPhase section */

/* Begin PBXGroup section */
		0118CE28007E8BD6E9D3E820 /* Frameworks */ = {
			isa = PBXGroup;
			children = (
				A5727526AC54010368667E2E /* Pods_Retrobox.framework */,
				4D2C1EADAE06D9C0F49A1659 /* Pods_RetroboxTests.framework */,
				CF7C02A32DF2986260653EDC /* Pods_RetroboxUITests.framework */,
			);
			name = Frameworks;
			sourceTree = "<group>";
		};
		0EC551A4B3E0DE3308AA0331 /* Pods */ = {
			isa = PBXGroup;
			children = (
				A1E7917B279A16D792633F1D /* Pods-Retrobox.debug.xcconfig */,
				4A91C9E8BB00538411BEB0EA /* Pods-Retrobox.release.xcconfig */,
				F3059347247559FEFA56D949 /* Pods-RetroboxTests.debug.xcconfig */,
				5713C9E9F13D52605A0C6238 /* Pods-RetroboxTests.release.xcconfig */,
				87557B31B14F6CF02B330F94 /* Pods-RetroboxUITests.debug.xcconfig */,
				DF47DE5301E6470939C8D8CE /* Pods-RetroboxUITests.release.xcconfig */,
			);
			name = Pods;
			sourceTree = "<group>";
		};
		AEA629681CB3B8AB00BD05A6 = {
			isa = PBXGroup;
			children = (
				AEA629A21CB3BBB900BD05A6 /* Podfile */,
				AEA629731CB3B8AB00BD05A6 /* Retrobox */,
				AEA629881CB3B8AB00BD05A6 /* RetroboxTests */,
				AEA629931CB3B8AB00BD05A6 /* RetroboxUITests */,
				AEA629721CB3B8AB00BD05A6 /* Products */,
				0EC551A4B3E0DE3308AA0331 /* Pods */,
				0118CE28007E8BD6E9D3E820 /* Frameworks */,
			);
			sourceTree = "<group>";
		};
		AEA629721CB3B8AB00BD05A6 /* Products */ = {
			isa = PBXGroup;
			children = (
				AEA629711CB3B8AB00BD05A6 /* Retrobox.app */,
				AEA629851CB3B8AB00BD05A6 /* RetroboxTests.xctest */,
				AEA629901CB3B8AB00BD05A6 /* RetroboxUITests.xctest */,
			);
			name = Products;
			sourceTree = "<group>";
		};
		AEA629731CB3B8AB00BD05A6 /* Retrobox */ = {
			isa = PBXGroup;
			children = (
				AE8C0C711CB4173400FBEBF3 /* RetroItem.swift */,
				AED4D0AE1CB500C9007C5B35 /* UI */,
				AEA629741CB3B8AB00BD05A6 /* AppDelegate.swift */,
				AEA629761CB3B8AB00BD05A6 /* RetroListViewController.swift */,
				AEA629781CB3B8AB00BD05A6 /* Main.storyboard */,
				AEA6297B1CB3B8AB00BD05A6 /* Assets.xcassets */,
				AEA6297D1CB3B8AB00BD05A6 /* LaunchScreen.storyboard */,
				AEA629801CB3B8AB00BD05A6 /* Info.plist */,
				AE283D4F1CB50E3B0015C562 /* RetroItemCellView.swift */,
				AE283D511CB5121F0015C562 /* heart.png */,
				AE283D531CB5524A0015C562 /* AddFeedbackViewController.swift */,
			);
			path = Retrobox;
			sourceTree = "<group>";
		};
		AEA629881CB3B8AB00BD05A6 /* RetroboxTests */ = {
			isa = PBXGroup;
			children = (
				AEA629891CB3B8AB00BD05A6 /* RetroboxTests.swift */,
				AEA6298B1CB3B8AB00BD05A6 /* Info.plist */,
			);
			path = RetroboxTests;
			sourceTree = "<group>";
		};
		AEA629931CB3B8AB00BD05A6 /* RetroboxUITests */ = {
			isa = PBXGroup;
			children = (
				AEA629941CB3B8AB00BD05A6 /* RetroboxUITests.swift */,
				AEA629961CB3B8AB00BD05A6 /* Info.plist */,
			);
			path = RetroboxUITests;
			sourceTree = "<group>";
		};
		AED4D0AE1CB500C9007C5B35 /* UI */ = {
			isa = PBXGroup;
			children = (
				AE283D4D1CB508EE0015C562 /* UIButton+IBDesignable.swift */,
			);
			name = UI;
			sourceTree = "<group>";
		};
/* End PBXGroup section */

/* Begin PBXNativeTarget section */
		AEA629701CB3B8AB00BD05A6 /* Retrobox */ = {
			isa = PBXNativeTarget;
			buildConfigurationList = AEA629991CB3B8AB00BD05A6 /* Build configuration list for PBXNativeTarget "Retrobox" */;
			buildPhases = (
				8545ABAF160ECF5647E5400A /* 📦 Check Pods Manifest.lock */,
				AEA6296D1CB3B8AB00BD05A6 /* Sources */,
				AEA6296E1CB3B8AB00BD05A6 /* Frameworks */,
				AEA6296F1CB3B8AB00BD05A6 /* Resources */,
				4B2A02CCA2F4FEB62CE9BFAC /* 📦 Embed Pods Frameworks */,
				BB3E84B295A989A41827CE95 /* 📦 Copy Pods Resources */,
			);
			buildRules = (
			);
			dependencies = (
			);
			name = Retrobox;
			productName = Retrobox;
			productReference = AEA629711CB3B8AB00BD05A6 /* Retrobox.app */;
			productType = "com.apple.product-type.application";
		};
		AEA629841CB3B8AB00BD05A6 /* RetroboxTests */ = {
			isa = PBXNativeTarget;
			buildConfigurationList = AEA6299C1CB3B8AB00BD05A6 /* Build configuration list for PBXNativeTarget "RetroboxTests" */;
			buildPhases = (
				58BFBDEF1134AB06D1A0F087 /* 📦 Check Pods Manifest.lock */,
				AEA629811CB3B8AB00BD05A6 /* Sources */,
				AEA629821CB3B8AB00BD05A6 /* Frameworks */,
				AEA629831CB3B8AB00BD05A6 /* Resources */,
				9FBDF098F5C2A0B92A9CDF72 /* 📦 Embed Pods Frameworks */,
				6D275FDF0A9C416A500CB613 /* 📦 Copy Pods Resources */,
				AE84E4B41CBFB5B000EE8344 /* ShellScript */,
			);
			buildRules = (
			);
			dependencies = (
				AEA629871CB3B8AB00BD05A6 /* PBXTargetDependency */,
			);
			name = RetroboxTests;
			productName = RetroboxTests;
			productReference = AEA629851CB3B8AB00BD05A6 /* RetroboxTests.xctest */;
			productType = "com.apple.product-type.bundle.unit-test";
		};
		AEA6298F1CB3B8AB00BD05A6 /* RetroboxUITests */ = {
			isa = PBXNativeTarget;
			buildConfigurationList = AEA6299F1CB3B8AB00BD05A6 /* Build configuration list for PBXNativeTarget "RetroboxUITests" */;
			buildPhases = (
				D3B536D6375E7C7ACCE34256 /* 📦 Check Pods Manifest.lock */,
				AEA6298C1CB3B8AB00BD05A6 /* Sources */,
				AEA6298D1CB3B8AB00BD05A6 /* Frameworks */,
				AEA6298E1CB3B8AB00BD05A6 /* Resources */,
				126402A37683A076A42E27C1 /* 📦 Copy Pods Resources */,
			);
			buildRules = (
			);
			dependencies = (
				AEA629921CB3B8AB00BD05A6 /* PBXTargetDependency */,
			);
			name = RetroboxUITests;
			productName = RetroboxUITests;
			productReference = AEA629901CB3B8AB00BD05A6 /* RetroboxUITests.xctest */;
			productType = "com.apple.product-type.bundle.ui-testing";
		};
/* End PBXNativeTarget section */

/* Begin PBXProject section */
		AEA629691CB3B8AB00BD05A6 /* Project object */ = {
			isa = PBXProject;
			attributes = {
				LastSwiftUpdateCheck = 0730;
				LastUpgradeCheck = 0730;
				ORGANIZATIONNAME = Pivotal;
				TargetAttributes = {
					AEA629701CB3B8AB00BD05A6 = {
						CreatedOnToolsVersion = 7.3;
					};
					AEA629841CB3B8AB00BD05A6 = {
						CreatedOnToolsVersion = 7.3;
						TestTargetID = AEA629701CB3B8AB00BD05A6;
					};
					AEA6298F1CB3B8AB00BD05A6 = {
						CreatedOnToolsVersion = 7.3;
						TestTargetID = AEA629701CB3B8AB00BD05A6;
					};
				};
			};
			buildConfigurationList = AEA6296C1CB3B8AB00BD05A6 /* Build configuration list for PBXProject "Retrobox" */;
			compatibilityVersion = "Xcode 3.2";
			developmentRegion = English;
			hasScannedForEncodings = 0;
			knownRegions = (
				en,
				Base,
			);
			mainGroup = AEA629681CB3B8AB00BD05A6;
			productRefGroup = AEA629721CB3B8AB00BD05A6 /* Products */;
			projectDirPath = "";
			projectRoot = "";
			targets = (
				AEA629701CB3B8AB00BD05A6 /* Retrobox */,
				AEA629841CB3B8AB00BD05A6 /* RetroboxTests */,
				AEA6298F1CB3B8AB00BD05A6 /* RetroboxUITests */,
			);
		};
/* End PBXProject section */

/* Begin PBXResourcesBuildPhase section */
		AEA6296F1CB3B8AB00BD05A6 /* Resources */ = {
			isa = PBXResourcesBuildPhase;
			buildActionMask = 2147483647;
			files = (
				AEA6297F1CB3B8AB00BD05A6 /* LaunchScreen.storyboard in Resources */,
				AEA6297C1CB3B8AB00BD05A6 /* Assets.xcassets in Resources */,
				AE283D521CB5121F0015C562 /* heart.png in Resources */,
				AEA629A31CB3BBB900BD05A6 /* Podfile in Resources */,
				AEA6297A1CB3B8AB00BD05A6 /* Main.storyboard in Resources */,
			);
			runOnlyForDeploymentPostprocessing = 0;
		};
		AEA629831CB3B8AB00BD05A6 /* Resources */ = {
			isa = PBXResourcesBuildPhase;
			buildActionMask = 2147483647;
			files = (
			);
			runOnlyForDeploymentPostprocessing = 0;
		};
		AEA6298E1CB3B8AB00BD05A6 /* Resources */ = {
			isa = PBXResourcesBuildPhase;
			buildActionMask = 2147483647;
			files = (
			);
			runOnlyForDeploymentPostprocessing = 0;
		};
/* End PBXResourcesBuildPhase section */

/* Begin PBXShellScriptBuildPhase section */
		126402A37683A076A42E27C1 /* 📦 Copy Pods Resources */ = {
			isa = PBXShellScriptBuildPhase;
			buildActionMask = 2147483647;
			files = (
			);
			inputPaths = (
			);
			name = "📦 Copy Pods Resources";
			outputPaths = (
			);
			runOnlyForDeploymentPostprocessing = 0;
			shellPath = /bin/sh;
			shellScript = "\"${SRCROOT}/Pods/Target Support Files/Pods-RetroboxUITests/Pods-RetroboxUITests-resources.sh\"\n";
			showEnvVarsInLog = 0;
		};
		4B2A02CCA2F4FEB62CE9BFAC /* 📦 Embed Pods Frameworks */ = {
			isa = PBXShellScriptBuildPhase;
			buildActionMask = 2147483647;
			files = (
			);
			inputPaths = (
			);
			name = "📦 Embed Pods Frameworks";
			outputPaths = (
			);
			runOnlyForDeploymentPostprocessing = 0;
			shellPath = /bin/sh;
			shellScript = "\"${SRCROOT}/Pods/Target Support Files/Pods-Retrobox/Pods-Retrobox-frameworks.sh\"\n";
			showEnvVarsInLog = 0;
		};
		58BFBDEF1134AB06D1A0F087 /* 📦 Check Pods Manifest.lock */ = {
			isa = PBXShellScriptBuildPhase;
			buildActionMask = 2147483647;
			files = (
			);
			inputPaths = (
			);
			name = "📦 Check Pods Manifest.lock";
			outputPaths = (
			);
			runOnlyForDeploymentPostprocessing = 0;
			shellPath = /bin/sh;
			shellScript = "diff \"${PODS_ROOT}/../Podfile.lock\" \"${PODS_ROOT}/Manifest.lock\" > /dev/null\nif [[ $? != 0 ]] ; then\n    cat << EOM\nerror: The sandbox is not in sync with the Podfile.lock. Run 'pod install' or update your CocoaPods installation.\nEOM\n    exit 1\nfi\n";
			showEnvVarsInLog = 0;
		};
		6D275FDF0A9C416A500CB613 /* 📦 Copy Pods Resources */ = {
			isa = PBXShellScriptBuildPhase;
			buildActionMask = 2147483647;
			files = (
			);
			inputPaths = (
			);
			name = "📦 Copy Pods Resources";
			outputPaths = (
			);
			runOnlyForDeploymentPostprocessing = 0;
			shellPath = /bin/sh;
			shellScript = "\"${SRCROOT}/Pods/Target Support Files/Pods-RetroboxTests/Pods-RetroboxTests-resources.sh\"\n";
			showEnvVarsInLog = 0;
		};
		8545ABAF160ECF5647E5400A /* 📦 Check Pods Manifest.lock */ = {
			isa = PBXShellScriptBuildPhase;
			buildActionMask = 2147483647;
			files = (
			);
			inputPaths = (
			);
			name = "📦 Check Pods Manifest.lock";
			outputPaths = (
			);
			runOnlyForDeploymentPostprocessing = 0;
			shellPath = /bin/sh;
			shellScript = "diff \"${PODS_ROOT}/../Podfile.lock\" \"${PODS_ROOT}/Manifest.lock\" > /dev/null\nif [[ $? != 0 ]] ; then\n    cat << EOM\nerror: The sandbox is not in sync with the Podfile.lock. Run 'pod install' or update your CocoaPods installation.\nEOM\n    exit 1\nfi\n";
			showEnvVarsInLog = 0;
		};
		9FBDF098F5C2A0B92A9CDF72 /* 📦 Embed Pods Frameworks */ = {
			isa = PBXShellScriptBuildPhase;
			buildActionMask = 2147483647;
			files = (
			);
			inputPaths = (
			);
			name = "📦 Embed Pods Frameworks";
			outputPaths = (
			);
			runOnlyForDeploymentPostprocessing = 0;
			shellPath = /bin/sh;
			shellScript = "\"${SRCROOT}/Pods/Target Support Files/Pods-RetroboxTests/Pods-RetroboxTests-frameworks.sh\"\n";
			showEnvVarsInLog = 0;
		};
		AE84E4B41CBFB5B000EE8344 /* ShellScript */ = {
			isa = PBXShellScriptBuildPhase;
			buildActionMask = 2147483647;
			files = (
			);
			inputPaths = (
			);
			outputPaths = (
			);
			runOnlyForDeploymentPostprocessing = 0;
			shellPath = /bin/sh;
			shellScript = "# Unfortuantely, Xcode 7.3 and Cocoapods are not yet fully compatible. The location of the xctest bundle has changed and so we need to manually copy some things ...\nOLD_BUNDLE=\"${CONFIGURATION_BUILD_DIR}/${CONTENTS_FOLDER_PATH}\"\nNEW_BUNDLE=\"${TARGET_BUILD_DIR}/${CONTENTS_FOLDER_PATH}\"\n\nFRAMEWORKS_PATH=\"Frameworks\"\n\n# For now, we only copy frameworks. This could be simply adapted to also copying Resources directories if needed\nOLD_FRAMEWORKS_PATH=\"${OLD_BUNDLE}/${FRAMEWORKS_PATH}\"\nif [[ -d \"${OLD_FRAMEWORKS_PATH}\" ]]; then\nNEW_FRAMEWORKS_PATH=\"${NEW_BUNDLE}/${FRAMEWORKS_PATH}\"\necho \"Copying frameworks from \\\"${OLD_FRAMEWORKS_PATH}\\\" to \\\"${NEW_FRAMEWORKS_PATH}\\\" ...\"\ncp -R \"${OLD_FRAMEWORKS_PATH}\" \"${NEW_FRAMEWORKS_PATH}\"\nfi";
		};
		BB3E84B295A989A41827CE95 /* 📦 Copy Pods Resources */ = {
			isa = PBXShellScriptBuildPhase;
			buildActionMask = 2147483647;
			files = (
			);
			inputPaths = (
			);
			name = "📦 Copy Pods Resources";
			outputPaths = (
			);
			runOnlyForDeploymentPostprocessing = 0;
			shellPath = /bin/sh;
			shellScript = "\"${SRCROOT}/Pods/Target Support Files/Pods-Retrobox/Pods-Retrobox-resources.sh\"\n";
			showEnvVarsInLog = 0;
		};
		D3B536D6375E7C7ACCE34256 /* 📦 Check Pods Manifest.lock */ = {
			isa = PBXShellScriptBuildPhase;
			buildActionMask = 2147483647;
			files = (
			);
			inputPaths = (
			);
			name = "📦 Check Pods Manifest.lock";
			outputPaths = (
			);
			runOnlyForDeploymentPostprocessing = 0;
			shellPath = /bin/sh;
			shellScript = "diff \"${PODS_ROOT}/../Podfile.lock\" \"${PODS_ROOT}/Manifest.lock\" > /dev/null\nif [[ $? != 0 ]] ; then\n    cat << EOM\nerror: The sandbox is not in sync with the Podfile.lock. Run 'pod install' or update your CocoaPods installation.\nEOM\n    exit 1\nfi\n";
			showEnvVarsInLog = 0;
		};
/* End PBXShellScriptBuildPhase section */

/* Begin PBXSourcesBuildPhase section */
		AEA6296D1CB3B8AB00BD05A6 /* Sources */ = {
			isa = PBXSourcesBuildPhase;
			buildActionMask = 2147483647;
			files = (
				AE283D4E1CB508EE0015C562 /* UIButton+IBDesignable.swift in Sources */,
				AEA629771CB3B8AB00BD05A6 /* RetroListViewController.swift in Sources */,
				AE8C0C721CB4173400FBEBF3 /* RetroItem.swift in Sources */,
				AEA629751CB3B8AB00BD05A6 /* AppDelegate.swift in Sources */,
				AE283D501CB50E3B0015C562 /* RetroItemCellView.swift in Sources */,
				AE283D541CB5524A0015C562 /* AddFeedbackViewController.swift in Sources */,
			);
			runOnlyForDeploymentPostprocessing = 0;
		};
		AEA629811CB3B8AB00BD05A6 /* Sources */ = {
			isa = PBXSourcesBuildPhase;
			buildActionMask = 2147483647;
			files = (
				AEA6298A1CB3B8AB00BD05A6 /* RetroboxTests.swift in Sources */,
			);
			runOnlyForDeploymentPostprocessing = 0;
		};
		AEA6298C1CB3B8AB00BD05A6 /* Sources */ = {
			isa = PBXSourcesBuildPhase;
			buildActionMask = 2147483647;
			files = (
				AEA629951CB3B8AB00BD05A6 /* RetroboxUITests.swift in Sources */,
			);
			runOnlyForDeploymentPostprocessing = 0;
		};
/* End PBXSourcesBuildPhase section */

/* Begin PBXTargetDependency section */
		AEA629871CB3B8AB00BD05A6 /* PBXTargetDependency */ = {
			isa = PBXTargetDependency;
			target = AEA629701CB3B8AB00BD05A6 /* Retrobox */;
			targetProxy = AEA629861CB3B8AB00BD05A6 /* PBXContainerItemProxy */;
		};
		AEA629921CB3B8AB00BD05A6 /* PBXTargetDependency */ = {
			isa = PBXTargetDependency;
			target = AEA629701CB3B8AB00BD05A6 /* Retrobox */;
			targetProxy = AEA629911CB3B8AB00BD05A6 /* PBXContainerItemProxy */;
		};
/* End PBXTargetDependency section */

/* Begin PBXVariantGroup section */
		AEA629781CB3B8AB00BD05A6 /* Main.storyboard */ = {
			isa = PBXVariantGroup;
			children = (
				AEA629791CB3B8AB00BD05A6 /* Base */,
			);
			name = Main.storyboard;
			sourceTree = "<group>";
		};
		AEA6297D1CB3B8AB00BD05A6 /* LaunchScreen.storyboard */ = {
			isa = PBXVariantGroup;
			children = (
				AEA6297E1CB3B8AB00BD05A6 /* Base */,
			);
			name = LaunchScreen.storyboard;
			sourceTree = "<group>";
		};
/* End PBXVariantGroup section */

/* Begin XCBuildConfiguration section */
		AEA629971CB3B8AB00BD05A6 /* Debug */ = {
			isa = XCBuildConfiguration;
			buildSettings = {
				ALWAYS_SEARCH_USER_PATHS = NO;
				CLANG_ANALYZER_NONNULL = YES;
				CLANG_CXX_LANGUAGE_STANDARD = "gnu++0x";
				CLANG_CXX_LIBRARY = "libc++";
				CLANG_ENABLE_MODULES = YES;
				CLANG_ENABLE_OBJC_ARC = YES;
				CLANG_WARN_BOOL_CONVERSION = YES;
				CLANG_WARN_CONSTANT_CONVERSION = YES;
				CLANG_WARN_DIRECT_OBJC_ISA_USAGE = YES_ERROR;
				CLANG_WARN_EMPTY_BODY = YES;
				CLANG_WARN_ENUM_CONVERSION = YES;
				CLANG_WARN_INT_CONVERSION = YES;
				CLANG_WARN_OBJC_ROOT_CLASS = YES_ERROR;
				CLANG_WARN_UNREACHABLE_CODE = YES;
				CLANG_WARN__DUPLICATE_METHOD_MATCH = YES;
				"CODE_SIGN_IDENTITY[sdk=iphoneos*]" = "iPhone Developer";
				COPY_PHASE_STRIP = NO;
				DEBUG_INFORMATION_FORMAT = dwarf;
				ENABLE_STRICT_OBJC_MSGSEND = YES;
				ENABLE_TESTABILITY = YES;
				GCC_C_LANGUAGE_STANDARD = gnu99;
				GCC_DYNAMIC_NO_PIC = NO;
				GCC_NO_COMMON_BLOCKS = YES;
				GCC_OPTIMIZATION_LEVEL = 0;
				GCC_PREPROCESSOR_DEFINITIONS = (
					"DEBUG=1",
					"$(inherited)",
				);
				GCC_WARN_64_TO_32_BIT_CONVERSION = YES;
				GCC_WARN_ABOUT_RETURN_TYPE = YES_ERROR;
				GCC_WARN_UNDECLARED_SELECTOR = YES;
				GCC_WARN_UNINITIALIZED_AUTOS = YES_AGGRESSIVE;
				GCC_WARN_UNUSED_FUNCTION = YES;
				GCC_WARN_UNUSED_VARIABLE = YES;
				IPHONEOS_DEPLOYMENT_TARGET = 9.3;
				MTL_ENABLE_DEBUG_INFO = YES;
				ONLY_ACTIVE_ARCH = YES;
				SDKROOT = iphoneos;
				SWIFT_OPTIMIZATION_LEVEL = "-Onone";
				TARGETED_DEVICE_FAMILY = "1,2";
			};
			name = Debug;
		};
		AEA629981CB3B8AB00BD05A6 /* Release */ = {
			isa = XCBuildConfiguration;
			buildSettings = {
				ALWAYS_SEARCH_USER_PATHS = NO;
				CLANG_ANALYZER_NONNULL = YES;
				CLANG_CXX_LANGUAGE_STANDARD = "gnu++0x";
				CLANG_CXX_LIBRARY = "libc++";
				CLANG_ENABLE_MODULES = YES;
				CLANG_ENABLE_OBJC_ARC = YES;
				CLANG_WARN_BOOL_CONVERSION = YES;
				CLANG_WARN_CONSTANT_CONVERSION = YES;
				CLANG_WARN_DIRECT_OBJC_ISA_USAGE = YES_ERROR;
				CLANG_WARN_EMPTY_BODY = YES;
				CLANG_WARN_ENUM_CONVERSION = YES;
				CLANG_WARN_INT_CONVERSION = YES;
				CLANG_WARN_OBJC_ROOT_CLASS = YES_ERROR;
				CLANG_WARN_UNREACHABLE_CODE = YES;
				CLANG_WARN__DUPLICATE_METHOD_MATCH = YES;
				"CODE_SIGN_IDENTITY[sdk=iphoneos*]" = "iPhone Developer";
				COPY_PHASE_STRIP = NO;
				DEBUG_INFORMATION_FORMAT = "dwarf-with-dsym";
				ENABLE_NS_ASSERTIONS = NO;
				ENABLE_STRICT_OBJC_MSGSEND = YES;
				GCC_C_LANGUAGE_STANDARD = gnu99;
				GCC_NO_COMMON_BLOCKS = YES;
				GCC_WARN_64_TO_32_BIT_CONVERSION = YES;
				GCC_WARN_ABOUT_RETURN_TYPE = YES_ERROR;
				GCC_WARN_UNDECLARED_SELECTOR = YES;
				GCC_WARN_UNINITIALIZED_AUTOS = YES_AGGRESSIVE;
				GCC_WARN_UNUSED_FUNCTION = YES;
				GCC_WARN_UNUSED_VARIABLE = YES;
				IPHONEOS_DEPLOYMENT_TARGET = 9.3;
				MTL_ENABLE_DEBUG_INFO = NO;
				SDKROOT = iphoneos;
				TARGETED_DEVICE_FAMILY = "1,2";
				VALIDATE_PRODUCT = YES;
			};
			name = Release;
		};
		AEA6299A1CB3B8AB00BD05A6 /* Debug */ = {
			isa = XCBuildConfiguration;
			baseConfigurationReference = A1E7917B279A16D792633F1D /* Pods-Retrobox.debug.xcconfig */;
			buildSettings = {
				ASSETCATALOG_COMPILER_APPICON_NAME = AppIcon;
				INFOPLIST_FILE = Retrobox/Info.plist;
				LD_RUNPATH_SEARCH_PATHS = "$(inherited) @executable_path/Pods";
				PRODUCT_BUNDLE_IDENTIFIER = io.pivotal.Retrobox;
				PRODUCT_NAME = "$(TARGET_NAME)";
			};
			name = Debug;
		};
		AEA6299B1CB3B8AB00BD05A6 /* Release */ = {
			isa = XCBuildConfiguration;
			baseConfigurationReference = 4A91C9E8BB00538411BEB0EA /* Pods-Retrobox.release.xcconfig */;
			buildSettings = {
				ASSETCATALOG_COMPILER_APPICON_NAME = AppIcon;
				INFOPLIST_FILE = Retrobox/Info.plist;
				LD_RUNPATH_SEARCH_PATHS = "$(inherited) @executable_path/Pods";
				PRODUCT_BUNDLE_IDENTIFIER = io.pivotal.Retrobox;
				PRODUCT_NAME = "$(TARGET_NAME)";
			};
			name = Release;
		};
		AEA6299D1CB3B8AB00BD05A6 /* Debug */ = {
			isa = XCBuildConfiguration;
			baseConfigurationReference = F3059347247559FEFA56D949 /* Pods-RetroboxTests.debug.xcconfig */;
			buildSettings = {
				BUNDLE_LOADER = "$(TEST_HOST)";
				INFOPLIST_FILE = RetroboxTests/Info.plist;
				LD_RUNPATH_SEARCH_PATHS = "$(inherited) @executable_path/Frameworks @loader_path/Frameworks";
				PRODUCT_BUNDLE_IDENTIFIER = io.pivotal.RetroboxTests;
				PRODUCT_NAME = "$(TARGET_NAME)";
				TEST_HOST = "$(BUILT_PRODUCTS_DIR)/Retrobox.app/Retrobox";
			};
			name = Debug;
		};
		AEA6299E1CB3B8AB00BD05A6 /* Release */ = {
			isa = XCBuildConfiguration;
			baseConfigurationReference = 5713C9E9F13D52605A0C6238 /* Pods-RetroboxTests.release.xcconfig */;
			buildSettings = {
				BUNDLE_LOADER = "$(TEST_HOST)";
				INFOPLIST_FILE = RetroboxTests/Info.plist;
				LD_RUNPATH_SEARCH_PATHS = "$(inherited) @executable_path/Frameworks @loader_path/Frameworks";
				PRODUCT_BUNDLE_IDENTIFIER = io.pivotal.RetroboxTests;
				PRODUCT_NAME = "$(TARGET_NAME)";
				TEST_HOST = "$(BUILT_PRODUCTS_DIR)/Retrobox.app/Retrobox";
			};
			name = Release;
		};
		AEA629A01CB3B8AB00BD05A6 /* Debug */ = {
			isa = XCBuildConfiguration;
			baseConfigurationReference = 87557B31B14F6CF02B330F94 /* Pods-RetroboxUITests.debug.xcconfig */;
			buildSettings = {
				INFOPLIST_FILE = RetroboxUITests/Info.plist;
				LD_RUNPATH_SEARCH_PATHS = "$(inherited) @executable_path/Frameworks @loader_path/Frameworks";
				PRODUCT_BUNDLE_IDENTIFIER = io.pivotal.RetroboxUITests;
				PRODUCT_NAME = "$(TARGET_NAME)";
				TEST_TARGET_NAME = Retrobox;
			};
			name = Debug;
		};
		AEA629A11CB3B8AB00BD05A6 /* Release */ = {
			isa = XCBuildConfiguration;
			baseConfigurationReference = DF47DE5301E6470939C8D8CE /* Pods-RetroboxUITests.release.xcconfig */;
			buildSettings = {
				INFOPLIST_FILE = RetroboxUITests/Info.plist;
				LD_RUNPATH_SEARCH_PATHS = "$(inherited) @executable_path/Frameworks @loader_path/Frameworks";
				PRODUCT_BUNDLE_IDENTIFIER = io.pivotal.RetroboxUITests;
				PRODUCT_NAME = "$(TARGET_NAME)";
				TEST_TARGET_NAME = Retrobox;
			};
			name = Release;
		};
/* End XCBuildConfiguration section */

/* Begin XCConfigurationList section */
		AEA6296C1CB3B8AB00BD05A6 /* Build configuration list for PBXProject "Retrobox" */ = {
			isa = XCConfigurationList;
			buildConfigurations = (
				AEA629971CB3B8AB00BD05A6 /* Debug */,
				AEA629981CB3B8AB00BD05A6 /* Release */,
			);
			defaultConfigurationIsVisible = 0;
			defaultConfigurationName = Release;
		};
		AEA629991CB3B8AB00BD05A6 /* Build configuration list for PBXNativeTarget "Retrobox" */ = {
			isa = XCConfigurationList;
			buildConfigurations = (
				AEA6299A1CB3B8AB00BD05A6 /* Debug */,
				AEA6299B1CB3B8AB00BD05A6 /* Release */,
			);
			defaultConfigurationIsVisible = 0;
			defaultConfigurationName = Release;
		};
		AEA6299C1CB3B8AB00BD05A6 /* Build configuration list for PBXNativeTarget "RetroboxTests" */ = {
			isa = XCConfigurationList;
			buildConfigurations = (
				AEA6299D1CB3B8AB00BD05A6 /* Debug */,
				AEA6299E1CB3B8AB00BD05A6 /* Release */,
			);
			defaultConfigurationIsVisible = 0;
			defaultConfigurationName = Release;
		};
		AEA6299F1CB3B8AB00BD05A6 /* Build configuration list for PBXNativeTarget "RetroboxUITests" */ = {
			isa = XCConfigurationList;
			buildConfigurations = (
				AEA629A01CB3B8AB00BD05A6 /* Debug */,
				AEA629A11CB3B8AB00BD05A6 /* Release */,
			);
			defaultConfigurationIsVisible = 0;
			defaultConfigurationName = Release;
		};
/* End XCConfigurationList section */
	};
	rootObject = AEA629691CB3B8AB00BD05A6 /* Project object */;
}
